
Microsoft Visual Studio Solution File, Format Version 12.00
# Visual Studio Version 16
VisualStudioVersion = 16.0.28803.202
MinimumVisualStudioVersion = 10.0.40219.1
Project("{FAE04EC0-301F-11D3-BF4B-00C04F79EFBC}") = "Fibanachi", "Fibanachi\Fibanachi.csproj", "{141D18D1-E566-448E-8E02-0E96FAEDE56D}"
EndProject
Global
	GlobalSection(SolutionConfigurationPlatforms) = preSolution
		Debug|Any CPU = Debug|Any CPU
		Release|Any CPU = Release|Any CPU
	EndGlobalSection
	GlobalSection(ProjectConfigurationPlatforms) = postSolution
		{141D18D1-E566-448E-8E02-0E96FAEDE56D}.Debug|Any CPU.ActiveCfg = Debug|Any CPU
		{141D18D1-E566-448E-8E02-0E96FAEDE56D}.Debug|Any CPU.Build.0 = Debug|Any CPU
		{141D18D1-E566-448E-8E02-0E96FAEDE56D}.Release|Any CPU.ActiveCfg = Release|Any CPU
		{141D18D1-E566-448E-8E02-0E96FAEDE56D}.Release|Any CPU.Build.0 = Release|Any CPU
	EndGlobalSection
	GlobalSection(SolutionProperties) = preSolution
		HideSolutionNode = FALSE
	EndGlobalSection
	GlobalSection(ExtensibilityGlobals) = postSolution
		SolutionGuid = {6D9CCB06-964E-415F-A707-DA2CABCB4E19}
	EndGlobalSection
EndGlobal
