
Microsoft Visual Studio Solution File, Format Version 12.00
# Visual Studio Version 16
VisualStudioVersion = 16.0.28803.202
MinimumVisualStudioVersion = 10.0.40219.1
Project("{FAE04EC0-301F-11D3-BF4B-00C04F79EFBC}") = "Sum Of Two Numbers", "Sum Of Two Numbers\Sum Of Two Numbers.csproj", "{224FFC38-CACD-4ECE-9687-5031C804C2FD}"
EndProject
Global
	GlobalSection(SolutionConfigurationPlatforms) = preSolution
		Debug|Any CPU = Debug|Any CPU
		Release|Any CPU = Release|Any CPU
	EndGlobalSection
	GlobalSection(ProjectConfigurationPlatforms) = postSolution
		{224FFC38-CACD-4ECE-9687-5031C804C2FD}.Debug|Any CPU.ActiveCfg = Debug|Any CPU
		{224FFC38-CACD-4ECE-9687-5031C804C2FD}.Debug|Any CPU.Build.0 = Debug|Any CPU
		{224FFC38-CACD-4ECE-9687-5031C804C2FD}.Release|Any CPU.ActiveCfg = Release|Any CPU
		{224FFC38-CACD-4ECE-9687-5031C804C2FD}.Release|Any CPU.Build.0 = Release|Any CPU
	EndGlobalSection
	GlobalSection(SolutionProperties) = preSolution
		HideSolutionNode = FALSE
	EndGlobalSection
	GlobalSection(ExtensibilityGlobals) = postSolution
		SolutionGuid = {EC1F66B8-1983-4470-925F-1BEB1C175CAC}
	EndGlobalSection
EndGlobal
