
Microsoft Visual Studio Solution File, Format Version 12.00
# Visual Studio Version 16
VisualStudioVersion = 16.0.29326.143
MinimumVisualStudioVersion = 10.0.40219.1
Project("{9A19103F-16F7-4668-BE54-9A1E7A4F7556}") = "Hello1", "..\Hello1\Hello1.csproj", "{EF55C791-61F7-43B6-A858-5EF2DA2E831D}"
EndProject
Project("{9A19103F-16F7-4668-BE54-9A1E7A4F7556}") = "Hello2", "..\Hello2\Hello2.csproj", "{058DD59B-F6BC-4D9E-BD2F-8229BC8F7141}"
EndProject
Project("{9A19103F-16F7-4668-BE54-9A1E7A4F7556}") = "SumTwoNumbers", "..\SumTwoNumbers\SumTwoNumbers.csproj", "{FA62D4BB-D5E9-4B2D-9205-974216D5B5F7}"
EndProject
Project("{9A19103F-16F7-4668-BE54-9A1E7A4F7556}") = "exWriteLine", "exWriteLine\exWriteLine.csproj", "{9931428E-1DC8-44FD-9C56-987B860B185E}"
EndProject
Project("{9A19103F-16F7-4668-BE54-9A1E7A4F7556}") = "BolleanExpressions3", "BolleanExpressions3\BolleanExpressions3.csproj", "{7AFBC6E1-7626-4C6C-AF49-FF261E3DA376}"
EndProject
Project("{9A19103F-16F7-4668-BE54-9A1E7A4F7556}") = "Fibonachi", "Fibonachi\Fibonachi.csproj", "{CAF90F83-ABEA-47A4-A965-024D3B9FA7EF}"
EndProject
Project("{9A19103F-16F7-4668-BE54-9A1E7A4F7556}") = "Fibonachi1", "Fibnachi2\Fibonachi1.csproj", "{19B48CDA-D96D-4312-88F7-E388AE1B5380}"
EndProject
Project("{9A19103F-16F7-4668-BE54-9A1E7A4F7556}") = "Operators", "Operators\Operators.csproj", "{273E6DDB-6049-4F24-879B-3D61A8051341}"
EndProject
Project("{9A19103F-16F7-4668-BE54-9A1E7A4F7556}") = "q6", "q6\q6.csproj", "{A06C5809-15E0-4CAC-9A77-6423CEB9E44D}"
EndProject
Project("{9A19103F-16F7-4668-BE54-9A1E7A4F7556}") = "q7", "q7\q7.csproj", "{9140E8AE-A798-4A38-BF7E-CC171A385E5F}"
EndProject
Project("{9A19103F-16F7-4668-BE54-9A1E7A4F7556}") = "F2C", "F2C\F2C.csproj", "{B014B494-19AB-49E1-91C4-19BF76D84ED6}"
EndProject
Project("{9A19103F-16F7-4668-BE54-9A1E7A4F7556}") = "Average", "Average\Average.csproj", "{9D1A3022-BA29-42C9-9D2D-43EC4B3FDAEA}"
EndProject
Project("{9A19103F-16F7-4668-BE54-9A1E7A4F7556}") = "MathYunalAlon", "MathYunalAlon\MathYunalAlon.csproj", "{885C9CB4-841B-4737-AF17-958DE9A46144}"
EndProject
Project("{9A19103F-16F7-4668-BE54-9A1E7A4F7556}") = "CharsAndStrings1", "CharsAndStrings1\CharsAndStrings1.csproj", "{314ED2FC-1B9E-42C2-BD1D-FC05FFD354A8}"
EndProject
Project("{9A19103F-16F7-4668-BE54-9A1E7A4F7556}") = "CharsAndStrings2", "CharsAndStrings2\CharsAndStrings2.csproj", "{72BE7D39-F9C5-4DC2-AC38-F7333FC9A687}"
EndProject
Project("{9A19103F-16F7-4668-BE54-9A1E7A4F7556}") = "CharsAndStrings3", "CharsAndStrings3\CharsAndStrings3.csproj", "{0EE89BDE-D100-4A12-BD76-8238316DF4EE}"
EndProject
Project("{9A19103F-16F7-4668-BE54-9A1E7A4F7556}") = "Chars and Strings4", "Chars and Strings4\Chars and Strings4.csproj", "{77173C24-C705-4BE1-8FBD-4B2A7B9F68DE}"
EndProject
Project("{9A19103F-16F7-4668-BE54-9A1E7A4F7556}") = "TimeCalc", "TimeCalc\TimeCalc.csproj", "{EC0CFFE6-289F-4D66-818A-477193B6D215}"
EndProject
Project("{9A19103F-16F7-4668-BE54-9A1E7A4F7556}") = "CharsAndStrings4", "CharsAndStrings4\CharsAndStrings4.csproj", "{EE21C3C4-9923-4DE0-B812-707E4CBD9048}"
EndProject
Project("{9A19103F-16F7-4668-BE54-9A1E7A4F7556}") = "Random1", "Random1\Random1.csproj", "{9BC2FADF-857E-451A-B103-8F3B2A2498EF}"
EndProject
Project("{9A19103F-16F7-4668-BE54-9A1E7A4F7556}") = "Omer3050-1", "Omer3050-1\Omer3050-1.csproj", "{326CA9F9-06F9-42D3-9887-3E4375734271}"
EndProject
Project("{9A19103F-16F7-4668-BE54-9A1E7A4F7556}") = "Omer2060-3", "Omer2060-3\Omer2060-3.csproj", "{76FA4A06-0D42-48BF-96D6-39EE81D7095F}"
EndProject
Project("{9A19103F-16F7-4668-BE54-9A1E7A4F7556}") = "TrackingTableExample", "TrackingTableExample\TrackingTableExample.csproj", "{97C269A1-DD4F-4E2D-AB03-19395721AFB1}"
EndProject
Project("{9A19103F-16F7-4668-BE54-9A1E7A4F7556}") = "Test1Cellular", "Test1Cellular\Test1Cellular.csproj", "{606B67C0-9EBA-4182-9699-C9E485EC3189}"
EndProject
Project("{9A19103F-16F7-4668-BE54-9A1E7A4F7556}") = "Test1Park", "Test1Park\Test1Park.csproj", "{56350DE1-CC0A-4864-B218-20A2C3C65F21}"
EndProject
Project("{9A19103F-16F7-4668-BE54-9A1E7A4F7556}") = "Test1Practice1", "Test1Practice1\Test1Practice1.csproj", "{81279B7D-A468-4DFF-8DB6-49091780DE9C}"
EndProject
Project("{9A19103F-16F7-4668-BE54-9A1E7A4F7556}") = "WateBill", "WateBill\WateBill.csproj", "{0A9DE9B1-88EB-44E8-B53D-CAC5EAE5D20B}"
EndProject
Project("{9A19103F-16F7-4668-BE54-9A1E7A4F7556}") = "testMath", "testMath\testMath.csproj", "{0E9DE024-1DC4-4446-B552-05C63A10BA7D}"
EndProject
Project("{9A19103F-16F7-4668-BE54-9A1E7A4F7556}") = "Test1BQ1", "Test1BQ1\Test1BQ1.csproj", "{12EE90B1-5B64-42DD-A44C-434C0A400AF4}"
EndProject
Project("{9A19103F-16F7-4668-BE54-9A1E7A4F7556}") = "Test1Q8", "Test1Q8\Test1Q8.csproj", "{F2632390-6121-4FCE-ADA4-3ECC97682ABA}"
EndProject
Project("{9A19103F-16F7-4668-BE54-9A1E7A4F7556}") = "SortThreeRandomNumbers", "SortThreeRandomNumbers\SortThreeRandomNumbers.csproj", "{0679EAEB-01A2-42F5-AD34-7D400475846F}"
EndProject
Project("{9A19103F-16F7-4668-BE54-9A1E7A4F7556}") = "CountFives", "CountFives\CountFives.csproj", "{22FBD0B1-6405-41A7-8FD2-0F5B3511B9C6}"
EndProject
Project("{9A19103F-16F7-4668-BE54-9A1E7A4F7556}") = "countFivesFor", "countFivesFor\countFivesFor.csproj", "{12A414C2-122F-4C02-AE11-59FDDCD750C6}"
EndProject
Project("{9A19103F-16F7-4668-BE54-9A1E7A4F7556}") = "For1", "For1\For1.csproj", "{398A1149-B296-43B8-9BF0-6D2EE68BDD35}"
EndProject
Project("{9A19103F-16F7-4668-BE54-9A1E7A4F7556}") = "Asterisks1", "Asterisks1\Asterisks1.csproj", "{FDD276AD-CC44-4F6E-8209-B68CDEDE8E29}"
EndProject
Project("{9A19103F-16F7-4668-BE54-9A1E7A4F7556}") = "WhilePresentation1", "WhilePresentation1\WhilePresentation1.csproj", "{838EC45B-0CE7-4F9E-BD38-19CCA779780F}"
EndProject
Project("{9A19103F-16F7-4668-BE54-9A1E7A4F7556}") = "Writeline1", "Writeline1\Writeline1.csproj", "{3363F0E0-6C02-4D70-BE03-B6AA92D5D797}"
EndProject
Project("{9A19103F-16F7-4668-BE54-9A1E7A4F7556}") = "NestedFor1", "NestedFor1\NestedFor1.csproj", "{7F33E181-3237-48B9-8579-745B69BE4D2E}"
EndProject
Project("{9A19103F-16F7-4668-BE54-9A1E7A4F7556}") = "GradesStatistics", "GradesStatistics\GradesStatistics.csproj", "{6F60973F-91EE-4539-BD37-35F7A1EAEC3D}"
EndProject
Project("{9A19103F-16F7-4668-BE54-9A1E7A4F7556}") = "AsterisksD", "AsterisksD\AsterisksD.csproj", "{CA5DB93E-8A32-4695-941B-6B1028CE18F0}"
EndProject
Project("{9A19103F-16F7-4668-BE54-9A1E7A4F7556}") = "GradesSmallGroup", "GradesSmallGroup\GradesSmallGroup.csproj", "{AE10D2C5-F6E7-4AB8-8E66-EC5E0B71FF1F}"
EndProject
Project("{9A19103F-16F7-4668-BE54-9A1E7A4F7556}") = "NestedForTracingTable", "NestedForTracingTable\NestedForTracingTable.csproj", "{639AF57E-3B5E-43D7-9C6F-58A4DC7F72C4}"
EndProject
Project("{9A19103F-16F7-4668-BE54-9A1E7A4F7556}") = "ReverseMtWith7Boom", "ReverseMtWith7Boom\ReverseMtWith7Boom.csproj", "{AC28203E-9807-48F4-A977-131A80AD5853}"
EndProject
Project("{9A19103F-16F7-4668-BE54-9A1E7A4F7556}") = "Rainfall", "Rainfall\Rainfall.csproj", "{E62482B2-D8BE-4ED1-818D-A97F1C917B65}"
EndProject
Project("{9A19103F-16F7-4668-BE54-9A1E7A4F7556}") = "DumbQuestionForTest2", "DumbQuestionForTest2\DumbQuestionForTest2.csproj", "{2FE217D2-210A-4D8A-8A13-19A42397B68B}"
EndProject
Project("{9A19103F-16F7-4668-BE54-9A1E7A4F7556}") = "DumbQuestionForTest2-1", "DumbQuestionForTest2-1\DumbQuestionForTest2-1.csproj", "{9F70B695-B89D-411D-9C58-24E1DA267A14}"
EndProject
Project("{9A19103F-16F7-4668-BE54-9A1E7A4F7556}") = "NestedForAnimation1", "NestedForAnimation1\NestedForAnimation1.csproj", "{5FE0A0EC-91EF-41D2-A926-F4BBBBFAED0B}"
EndProject
Project("{9A19103F-16F7-4668-BE54-9A1E7A4F7556}") = "NestedForAnimation2", "NestedForAnimation2\NestedForAnimation2.csproj", "{A174DD8D-08A7-45F5-9A60-9629F7C9E799}"
EndProject
Project("{9A19103F-16F7-4668-BE54-9A1E7A4F7556}") = "TracingTableEx1", "TracingTableEx1\TracingTableEx1.csproj", "{C8EF62B4-BC82-490B-812D-3BFFABFB2324}"
EndProject
Project("{9A19103F-16F7-4668-BE54-9A1E7A4F7556}") = "CaesarCipher1", "CaesarCipher1\CaesarCipher1.csproj", "{D8AF3968-5274-47BF-A4F1-4C1B128CFA47}"
EndProject
Project("{9A19103F-16F7-4668-BE54-9A1E7A4F7556}") = "DumbQuestionForTest3", "DumbQuestionForTest3\DumbQuestionForTest3.csproj", "{874F8C69-7385-4232-86E0-848F800BC48E}"
EndProject
Project("{9A19103F-16F7-4668-BE54-9A1E7A4F7556}") = "Graphical presentation of numbers", "Graphical presentation of numbers\Graphical presentation of numbers.csproj", "{21386C9F-97B1-48DB-9806-417879C67BBA}"
EndProject
Project("{9A19103F-16F7-4668-BE54-9A1E7A4F7556}") = "IllyCipher", "IllyCipher\IllyCipher.csproj", "{1F7E990A-07CF-4C87-BAE7-487582553B2A}"
EndProject
Project("{9A19103F-16F7-4668-BE54-9A1E7A4F7556}") = "PeleDNA", "PeleDNA\PeleDNA.csproj", "{B563843F-0435-4A96-96F1-6A3D847D2E31}"
EndProject
Project("{9A19103F-16F7-4668-BE54-9A1E7A4F7556}") = "IllyCipher1", "IllyCipher1\IllyCipher1.csproj", "{3474B9FD-28E4-4B95-89F8-E69285705017}"
EndProject
Project("{9A19103F-16F7-4668-BE54-9A1E7A4F7556}") = "NthDigit", "NthDigit\NthDigit.csproj", "{20894297-9DBA-4F2D-96A6-A1C4B19D2D2C}"
EndProject
Project("{9A19103F-16F7-4668-BE54-9A1E7A4F7556}") = "T2BQ4", "T2BQ4\T2BQ4.csproj", "{3C71AF64-CA99-4691-BB8D-2D71F09681DE}"
EndProject
Project("{9A19103F-16F7-4668-BE54-9A1E7A4F7556}") = "PasswordMatch82", "PasswordMatch82\PasswordMatch82.csproj", "{DB2353E9-6B1F-4759-B9A4-25CDFB08A5D0}"
EndProject
Project("{9A19103F-16F7-4668-BE54-9A1E7A4F7556}") = "Fibonacci4000-84", "Fibonacci4000-84\Fibonacci4000-84.csproj", "{C6E8F44D-DA86-4D24-ADE2-E41D1F92D78E}"
EndProject
Project("{9A19103F-16F7-4668-BE54-9A1E7A4F7556}") = "ReverseInteger4000-85", "ReverseInteger4000-85\ReverseInteger4000-85.csproj", "{35B0A9D4-9C2D-4427-B94F-4815EFA9951E}"
EndProject
Project("{9A19103F-16F7-4668-BE54-9A1E7A4F7556}") = "OneOfEach4000-87", "OneOfEach4000-87\OneOfEach4000-87.csproj", "{C07D3BEC-BE37-4AAA-B835-FD2A003EB222}"
EndProject
Project("{9A19103F-16F7-4668-BE54-9A1E7A4F7556}") = "Test2EshkolBQ1", "Test2EshkolBQ1\Test2EshkolBQ1.csproj", "{EBAFB7C5-562F-48D0-A1E4-9F0922BA73BF}"
EndProject
Project("{9A19103F-16F7-4668-BE54-9A1E7A4F7556}") = "R4000-85", "R4000-85\R4000-85.csproj", "{04F10857-D84D-4758-91AF-AC49332046CA}"
EndProject
Project("{9A19103F-16F7-4668-BE54-9A1E7A4F7556}") = "Gcount4000-77", "Gcount4000-77\Gcount4000-77.csproj", "{3643F699-7B71-4C18-ACCE-D81EE10EAC0A}"
EndProject
Project("{9A19103F-16F7-4668-BE54-9A1E7A4F7556}") = "FindTAC", "FindTAC\FindTAC.csproj", "{8A8A1684-70F9-4335-BDB7-99A9E71E5F1B}"
EndProject
Project("{9A19103F-16F7-4668-BE54-9A1E7A4F7556}") = "T2Q3GuyShtiler", "T2Q3GuyShtiler\T2Q3GuyShtiler.csproj", "{0CC0C72F-0091-4F86-8975-3DBDEB29023F}"
EndProject
Project("{9A19103F-16F7-4668-BE54-9A1E7A4F7556}") = "Test2AQ1", "Test2AQ1\Test2AQ1.csproj", "{58AAC830-7EB7-4D5E-A150-6300A062ED26}"
EndProject
Project("{9A19103F-16F7-4668-BE54-9A1E7A4F7556}") = "Test2AQ4", "Test2AQ4\Test2AQ4.csproj", "{172A13F5-408F-4EC9-8723-A7EDF83AB6F4}"
EndProject
Project("{9A19103F-16F7-4668-BE54-9A1E7A4F7556}") = "Test2BQ2Solution", "Test2BQ2Solution\Test2BQ2Solution.csproj", "{C0709D59-AC14-4258-AA51-79B01C41FD1B}"
EndProject
Project("{9A19103F-16F7-4668-BE54-9A1E7A4F7556}") = "Test2BQ3Solution", "Test2BQ3Solution\Test2BQ3Solution.csproj", "{7F8F776E-1872-4151-9AE0-D531418104A9}"
EndProject
Project("{9A19103F-16F7-4668-BE54-9A1E7A4F7556}") = "Test2BQ4Solution", "Test2BQ4Solution\Test2BQ4Solution.csproj", "{EF9A1324-8282-492B-8417-4A9AF3710386}"
EndProject
Project("{9A19103F-16F7-4668-BE54-9A1E7A4F7556}") = "ArrayReferences", "ArrayReferences\ArrayReferences.csproj", "{218ADE42-CE83-4029-8144-FBD6EB2271CD}"
EndProject
Project("{9A19103F-16F7-4668-BE54-9A1E7A4F7556}") = "5020HowManyMatchingElements", "5020HowManyMatchingElements\5020HowManyMatchingElements.csproj", "{906727A6-6158-4AEC-816C-B0B1F2C25575}"
EndProject
Project("{9A19103F-16F7-4668-BE54-9A1E7A4F7556}") = "5024SudokuLine", "5024SudokuLine\5024SudokuLine.csproj", "{73CC8E53-A4F9-4AD5-85A1-F04797865493}"
EndProject
Project("{9A19103F-16F7-4668-BE54-9A1E7A4F7556}") = "ArrayOfStrings1", "ArrayOfStrings1\ArrayOfStrings1.csproj", "{E2B4A83D-7D0A-4D2E-AE20-D658C9AE2C68}"
EndProject
Project("{9A19103F-16F7-4668-BE54-9A1E7A4F7556}") = "Polinomial", "Polinomial\Polinomial.csproj", "{C30D13D1-3E95-4E13-9065-7E46861A5F1D}"
EndProject
Project("{9A19103F-16F7-4668-BE54-9A1E7A4F7556}") = "5023NamesDraw", "5023NamesDraw\5023NamesDraw.csproj", "{53CFC249-ADF9-49D9-80FE-DA9526B9E15F}"
EndProject
Project("{FAE04EC0-301F-11D3-BF4B-00C04F79EFBC}") = "ThreeArraysofThree", "ThreeArraysofThree\ThreeArraysofThree.csproj", "{5169A327-309B-4B6B-993F-91E6232B097D}"
EndProject
Project("{FAE04EC0-301F-11D3-BF4B-00C04F79EFBC}") = "WhereIsTheChange", "WhereIsTheChange\WhereIsTheChange.csproj", "{74AE5703-EE63-4C2D-BB50-22A797FB85D2}"
EndProject
Project("{FAE04EC0-301F-11D3-BF4B-00C04F79EFBC}") = "5026 Multidimentional Basics", "5026 Multidimentional Basics\5026 Multidimentional Basics.csproj", "{9373BC2D-2CC8-4077-AB05-468831779F1B}"
EndProject
Global
	GlobalSection(SolutionConfigurationPlatforms) = preSolution
		Debug|Any CPU = Debug|Any CPU
		Release|Any CPU = Release|Any CPU
	EndGlobalSection
	GlobalSection(ProjectConfigurationPlatforms) = postSolution
		{EF55C791-61F7-43B6-A858-5EF2DA2E831D}.Debug|Any CPU.ActiveCfg = Debug|Any CPU
		{EF55C791-61F7-43B6-A858-5EF2DA2E831D}.Debug|Any CPU.Build.0 = Debug|Any CPU
		{EF55C791-61F7-43B6-A858-5EF2DA2E831D}.Release|Any CPU.ActiveCfg = Release|Any CPU
		{EF55C791-61F7-43B6-A858-5EF2DA2E831D}.Release|Any CPU.Build.0 = Release|Any CPU
		{058DD59B-F6BC-4D9E-BD2F-8229BC8F7141}.Debug|Any CPU.ActiveCfg = Debug|Any CPU
		{058DD59B-F6BC-4D9E-BD2F-8229BC8F7141}.Debug|Any CPU.Build.0 = Debug|Any CPU
		{058DD59B-F6BC-4D9E-BD2F-8229BC8F7141}.Release|Any CPU.ActiveCfg = Release|Any CPU
		{058DD59B-F6BC-4D9E-BD2F-8229BC8F7141}.Release|Any CPU.Build.0 = Release|Any CPU
		{FA62D4BB-D5E9-4B2D-9205-974216D5B5F7}.Debug|Any CPU.ActiveCfg = Debug|Any CPU
		{FA62D4BB-D5E9-4B2D-9205-974216D5B5F7}.Debug|Any CPU.Build.0 = Debug|Any CPU
		{FA62D4BB-D5E9-4B2D-9205-974216D5B5F7}.Release|Any CPU.ActiveCfg = Release|Any CPU
		{FA62D4BB-D5E9-4B2D-9205-974216D5B5F7}.Release|Any CPU.Build.0 = Release|Any CPU
		{9931428E-1DC8-44FD-9C56-987B860B185E}.Debug|Any CPU.ActiveCfg = Debug|Any CPU
		{9931428E-1DC8-44FD-9C56-987B860B185E}.Debug|Any CPU.Build.0 = Debug|Any CPU
		{9931428E-1DC8-44FD-9C56-987B860B185E}.Release|Any CPU.ActiveCfg = Release|Any CPU
		{9931428E-1DC8-44FD-9C56-987B860B185E}.Release|Any CPU.Build.0 = Release|Any CPU
		{7AFBC6E1-7626-4C6C-AF49-FF261E3DA376}.Debug|Any CPU.ActiveCfg = Debug|Any CPU
		{7AFBC6E1-7626-4C6C-AF49-FF261E3DA376}.Debug|Any CPU.Build.0 = Debug|Any CPU
		{7AFBC6E1-7626-4C6C-AF49-FF261E3DA376}.Release|Any CPU.ActiveCfg = Release|Any CPU
		{7AFBC6E1-7626-4C6C-AF49-FF261E3DA376}.Release|Any CPU.Build.0 = Release|Any CPU
		{CAF90F83-ABEA-47A4-A965-024D3B9FA7EF}.Debug|Any CPU.ActiveCfg = Debug|Any CPU
		{CAF90F83-ABEA-47A4-A965-024D3B9FA7EF}.Debug|Any CPU.Build.0 = Debug|Any CPU
		{CAF90F83-ABEA-47A4-A965-024D3B9FA7EF}.Release|Any CPU.ActiveCfg = Release|Any CPU
		{CAF90F83-ABEA-47A4-A965-024D3B9FA7EF}.Release|Any CPU.Build.0 = Release|Any CPU
		{19B48CDA-D96D-4312-88F7-E388AE1B5380}.Debug|Any CPU.ActiveCfg = Debug|Any CPU
		{19B48CDA-D96D-4312-88F7-E388AE1B5380}.Debug|Any CPU.Build.0 = Debug|Any CPU
		{19B48CDA-D96D-4312-88F7-E388AE1B5380}.Release|Any CPU.ActiveCfg = Release|Any CPU
		{19B48CDA-D96D-4312-88F7-E388AE1B5380}.Release|Any CPU.Build.0 = Release|Any CPU
		{273E6DDB-6049-4F24-879B-3D61A8051341}.Debug|Any CPU.ActiveCfg = Debug|Any CPU
		{273E6DDB-6049-4F24-879B-3D61A8051341}.Debug|Any CPU.Build.0 = Debug|Any CPU
		{273E6DDB-6049-4F24-879B-3D61A8051341}.Release|Any CPU.ActiveCfg = Release|Any CPU
		{273E6DDB-6049-4F24-879B-3D61A8051341}.Release|Any CPU.Build.0 = Release|Any CPU
		{A06C5809-15E0-4CAC-9A77-6423CEB9E44D}.Debug|Any CPU.ActiveCfg = Debug|Any CPU
		{A06C5809-15E0-4CAC-9A77-6423CEB9E44D}.Debug|Any CPU.Build.0 = Debug|Any CPU
		{A06C5809-15E0-4CAC-9A77-6423CEB9E44D}.Release|Any CPU.ActiveCfg = Release|Any CPU
		{A06C5809-15E0-4CAC-9A77-6423CEB9E44D}.Release|Any CPU.Build.0 = Release|Any CPU
		{9140E8AE-A798-4A38-BF7E-CC171A385E5F}.Debug|Any CPU.ActiveCfg = Debug|Any CPU
		{9140E8AE-A798-4A38-BF7E-CC171A385E5F}.Debug|Any CPU.Build.0 = Debug|Any CPU
		{9140E8AE-A798-4A38-BF7E-CC171A385E5F}.Release|Any CPU.ActiveCfg = Release|Any CPU
		{9140E8AE-A798-4A38-BF7E-CC171A385E5F}.Release|Any CPU.Build.0 = Release|Any CPU
		{B014B494-19AB-49E1-91C4-19BF76D84ED6}.Debug|Any CPU.ActiveCfg = Debug|Any CPU
		{B014B494-19AB-49E1-91C4-19BF76D84ED6}.Debug|Any CPU.Build.0 = Debug|Any CPU
		{B014B494-19AB-49E1-91C4-19BF76D84ED6}.Release|Any CPU.ActiveCfg = Release|Any CPU
		{B014B494-19AB-49E1-91C4-19BF76D84ED6}.Release|Any CPU.Build.0 = Release|Any CPU
		{9D1A3022-BA29-42C9-9D2D-43EC4B3FDAEA}.Debug|Any CPU.ActiveCfg = Debug|Any CPU
		{9D1A3022-BA29-42C9-9D2D-43EC4B3FDAEA}.Debug|Any CPU.Build.0 = Debug|Any CPU
		{9D1A3022-BA29-42C9-9D2D-43EC4B3FDAEA}.Release|Any CPU.ActiveCfg = Release|Any CPU
		{9D1A3022-BA29-42C9-9D2D-43EC4B3FDAEA}.Release|Any CPU.Build.0 = Release|Any CPU
		{885C9CB4-841B-4737-AF17-958DE9A46144}.Debug|Any CPU.ActiveCfg = Debug|Any CPU
		{885C9CB4-841B-4737-AF17-958DE9A46144}.Debug|Any CPU.Build.0 = Debug|Any CPU
		{885C9CB4-841B-4737-AF17-958DE9A46144}.Release|Any CPU.ActiveCfg = Release|Any CPU
		{885C9CB4-841B-4737-AF17-958DE9A46144}.Release|Any CPU.Build.0 = Release|Any CPU
		{314ED2FC-1B9E-42C2-BD1D-FC05FFD354A8}.Debug|Any CPU.ActiveCfg = Debug|Any CPU
		{314ED2FC-1B9E-42C2-BD1D-FC05FFD354A8}.Debug|Any CPU.Build.0 = Debug|Any CPU
		{314ED2FC-1B9E-42C2-BD1D-FC05FFD354A8}.Release|Any CPU.ActiveCfg = Release|Any CPU
		{314ED2FC-1B9E-42C2-BD1D-FC05FFD354A8}.Release|Any CPU.Build.0 = Release|Any CPU
		{72BE7D39-F9C5-4DC2-AC38-F7333FC9A687}.Debug|Any CPU.ActiveCfg = Debug|Any CPU
		{72BE7D39-F9C5-4DC2-AC38-F7333FC9A687}.Debug|Any CPU.Build.0 = Debug|Any CPU
		{72BE7D39-F9C5-4DC2-AC38-F7333FC9A687}.Release|Any CPU.ActiveCfg = Release|Any CPU
		{72BE7D39-F9C5-4DC2-AC38-F7333FC9A687}.Release|Any CPU.Build.0 = Release|Any CPU
		{0EE89BDE-D100-4A12-BD76-8238316DF4EE}.Debug|Any CPU.ActiveCfg = Debug|Any CPU
		{0EE89BDE-D100-4A12-BD76-8238316DF4EE}.Debug|Any CPU.Build.0 = Debug|Any CPU
		{0EE89BDE-D100-4A12-BD76-8238316DF4EE}.Release|Any CPU.ActiveCfg = Release|Any CPU
		{0EE89BDE-D100-4A12-BD76-8238316DF4EE}.Release|Any CPU.Build.0 = Release|Any CPU
		{77173C24-C705-4BE1-8FBD-4B2A7B9F68DE}.Debug|Any CPU.ActiveCfg = Debug|Any CPU
		{77173C24-C705-4BE1-8FBD-4B2A7B9F68DE}.Debug|Any CPU.Build.0 = Debug|Any CPU
		{77173C24-C705-4BE1-8FBD-4B2A7B9F68DE}.Release|Any CPU.ActiveCfg = Release|Any CPU
		{77173C24-C705-4BE1-8FBD-4B2A7B9F68DE}.Release|Any CPU.Build.0 = Release|Any CPU
		{EC0CFFE6-289F-4D66-818A-477193B6D215}.Debug|Any CPU.ActiveCfg = Debug|Any CPU
		{EC0CFFE6-289F-4D66-818A-477193B6D215}.Debug|Any CPU.Build.0 = Debug|Any CPU
		{EC0CFFE6-289F-4D66-818A-477193B6D215}.Release|Any CPU.ActiveCfg = Release|Any CPU
		{EC0CFFE6-289F-4D66-818A-477193B6D215}.Release|Any CPU.Build.0 = Release|Any CPU
		{EE21C3C4-9923-4DE0-B812-707E4CBD9048}.Debug|Any CPU.ActiveCfg = Debug|Any CPU
		{EE21C3C4-9923-4DE0-B812-707E4CBD9048}.Debug|Any CPU.Build.0 = Debug|Any CPU
		{EE21C3C4-9923-4DE0-B812-707E4CBD9048}.Release|Any CPU.ActiveCfg = Release|Any CPU
		{EE21C3C4-9923-4DE0-B812-707E4CBD9048}.Release|Any CPU.Build.0 = Release|Any CPU
		{9BC2FADF-857E-451A-B103-8F3B2A2498EF}.Debug|Any CPU.ActiveCfg = Debug|Any CPU
		{9BC2FADF-857E-451A-B103-8F3B2A2498EF}.Debug|Any CPU.Build.0 = Debug|Any CPU
		{9BC2FADF-857E-451A-B103-8F3B2A2498EF}.Release|Any CPU.ActiveCfg = Release|Any CPU
		{9BC2FADF-857E-451A-B103-8F3B2A2498EF}.Release|Any CPU.Build.0 = Release|Any CPU
		{326CA9F9-06F9-42D3-9887-3E4375734271}.Debug|Any CPU.ActiveCfg = Debug|Any CPU
		{326CA9F9-06F9-42D3-9887-3E4375734271}.Debug|Any CPU.Build.0 = Debug|Any CPU
		{326CA9F9-06F9-42D3-9887-3E4375734271}.Release|Any CPU.ActiveCfg = Release|Any CPU
		{326CA9F9-06F9-42D3-9887-3E4375734271}.Release|Any CPU.Build.0 = Release|Any CPU
		{76FA4A06-0D42-48BF-96D6-39EE81D7095F}.Debug|Any CPU.ActiveCfg = Debug|Any CPU
		{76FA4A06-0D42-48BF-96D6-39EE81D7095F}.Debug|Any CPU.Build.0 = Debug|Any CPU
		{76FA4A06-0D42-48BF-96D6-39EE81D7095F}.Release|Any CPU.ActiveCfg = Release|Any CPU
		{76FA4A06-0D42-48BF-96D6-39EE81D7095F}.Release|Any CPU.Build.0 = Release|Any CPU
		{97C269A1-DD4F-4E2D-AB03-19395721AFB1}.Debug|Any CPU.ActiveCfg = Debug|Any CPU
		{97C269A1-DD4F-4E2D-AB03-19395721AFB1}.Debug|Any CPU.Build.0 = Debug|Any CPU
		{97C269A1-DD4F-4E2D-AB03-19395721AFB1}.Release|Any CPU.ActiveCfg = Release|Any CPU
		{97C269A1-DD4F-4E2D-AB03-19395721AFB1}.Release|Any CPU.Build.0 = Release|Any CPU
		{606B67C0-9EBA-4182-9699-C9E485EC3189}.Debug|Any CPU.ActiveCfg = Debug|Any CPU
		{606B67C0-9EBA-4182-9699-C9E485EC3189}.Debug|Any CPU.Build.0 = Debug|Any CPU
		{606B67C0-9EBA-4182-9699-C9E485EC3189}.Release|Any CPU.ActiveCfg = Release|Any CPU
		{606B67C0-9EBA-4182-9699-C9E485EC3189}.Release|Any CPU.Build.0 = Release|Any CPU
		{56350DE1-CC0A-4864-B218-20A2C3C65F21}.Debug|Any CPU.ActiveCfg = Debug|Any CPU
		{56350DE1-CC0A-4864-B218-20A2C3C65F21}.Debug|Any CPU.Build.0 = Debug|Any CPU
		{56350DE1-CC0A-4864-B218-20A2C3C65F21}.Release|Any CPU.ActiveCfg = Release|Any CPU
		{56350DE1-CC0A-4864-B218-20A2C3C65F21}.Release|Any CPU.Build.0 = Release|Any CPU
		{81279B7D-A468-4DFF-8DB6-49091780DE9C}.Debug|Any CPU.ActiveCfg = Debug|Any CPU
		{81279B7D-A468-4DFF-8DB6-49091780DE9C}.Debug|Any CPU.Build.0 = Debug|Any CPU
		{81279B7D-A468-4DFF-8DB6-49091780DE9C}.Release|Any CPU.ActiveCfg = Release|Any CPU
		{81279B7D-A468-4DFF-8DB6-49091780DE9C}.Release|Any CPU.Build.0 = Release|Any CPU
		{0A9DE9B1-88EB-44E8-B53D-CAC5EAE5D20B}.Debug|Any CPU.ActiveCfg = Debug|Any CPU
		{0A9DE9B1-88EB-44E8-B53D-CAC5EAE5D20B}.Debug|Any CPU.Build.0 = Debug|Any CPU
		{0A9DE9B1-88EB-44E8-B53D-CAC5EAE5D20B}.Release|Any CPU.ActiveCfg = Release|Any CPU
		{0A9DE9B1-88EB-44E8-B53D-CAC5EAE5D20B}.Release|Any CPU.Build.0 = Release|Any CPU
		{0E9DE024-1DC4-4446-B552-05C63A10BA7D}.Debug|Any CPU.ActiveCfg = Debug|Any CPU
		{0E9DE024-1DC4-4446-B552-05C63A10BA7D}.Debug|Any CPU.Build.0 = Debug|Any CPU
		{0E9DE024-1DC4-4446-B552-05C63A10BA7D}.Release|Any CPU.ActiveCfg = Release|Any CPU
		{0E9DE024-1DC4-4446-B552-05C63A10BA7D}.Release|Any CPU.Build.0 = Release|Any CPU
		{12EE90B1-5B64-42DD-A44C-434C0A400AF4}.Debug|Any CPU.ActiveCfg = Debug|Any CPU
		{12EE90B1-5B64-42DD-A44C-434C0A400AF4}.Debug|Any CPU.Build.0 = Debug|Any CPU
		{12EE90B1-5B64-42DD-A44C-434C0A400AF4}.Release|Any CPU.ActiveCfg = Release|Any CPU
		{12EE90B1-5B64-42DD-A44C-434C0A400AF4}.Release|Any CPU.Build.0 = Release|Any CPU
		{F2632390-6121-4FCE-ADA4-3ECC97682ABA}.Debug|Any CPU.ActiveCfg = Debug|Any CPU
		{F2632390-6121-4FCE-ADA4-3ECC97682ABA}.Debug|Any CPU.Build.0 = Debug|Any CPU
		{F2632390-6121-4FCE-ADA4-3ECC97682ABA}.Release|Any CPU.ActiveCfg = Release|Any CPU
		{F2632390-6121-4FCE-ADA4-3ECC97682ABA}.Release|Any CPU.Build.0 = Release|Any CPU
		{0679EAEB-01A2-42F5-AD34-7D400475846F}.Debug|Any CPU.ActiveCfg = Debug|Any CPU
		{0679EAEB-01A2-42F5-AD34-7D400475846F}.Debug|Any CPU.Build.0 = Debug|Any CPU
		{0679EAEB-01A2-42F5-AD34-7D400475846F}.Release|Any CPU.ActiveCfg = Release|Any CPU
		{0679EAEB-01A2-42F5-AD34-7D400475846F}.Release|Any CPU.Build.0 = Release|Any CPU
		{22FBD0B1-6405-41A7-8FD2-0F5B3511B9C6}.Debug|Any CPU.ActiveCfg = Debug|Any CPU
		{22FBD0B1-6405-41A7-8FD2-0F5B3511B9C6}.Debug|Any CPU.Build.0 = Debug|Any CPU
		{22FBD0B1-6405-41A7-8FD2-0F5B3511B9C6}.Release|Any CPU.ActiveCfg = Release|Any CPU
		{22FBD0B1-6405-41A7-8FD2-0F5B3511B9C6}.Release|Any CPU.Build.0 = Release|Any CPU
		{12A414C2-122F-4C02-AE11-59FDDCD750C6}.Debug|Any CPU.ActiveCfg = Debug|Any CPU
		{12A414C2-122F-4C02-AE11-59FDDCD750C6}.Debug|Any CPU.Build.0 = Debug|Any CPU
		{12A414C2-122F-4C02-AE11-59FDDCD750C6}.Release|Any CPU.ActiveCfg = Release|Any CPU
		{12A414C2-122F-4C02-AE11-59FDDCD750C6}.Release|Any CPU.Build.0 = Release|Any CPU
		{398A1149-B296-43B8-9BF0-6D2EE68BDD35}.Debug|Any CPU.ActiveCfg = Debug|Any CPU
		{398A1149-B296-43B8-9BF0-6D2EE68BDD35}.Debug|Any CPU.Build.0 = Debug|Any CPU
		{398A1149-B296-43B8-9BF0-6D2EE68BDD35}.Release|Any CPU.ActiveCfg = Release|Any CPU
		{398A1149-B296-43B8-9BF0-6D2EE68BDD35}.Release|Any CPU.Build.0 = Release|Any CPU
		{FDD276AD-CC44-4F6E-8209-B68CDEDE8E29}.Debug|Any CPU.ActiveCfg = Debug|Any CPU
		{FDD276AD-CC44-4F6E-8209-B68CDEDE8E29}.Debug|Any CPU.Build.0 = Debug|Any CPU
		{FDD276AD-CC44-4F6E-8209-B68CDEDE8E29}.Release|Any CPU.ActiveCfg = Release|Any CPU
		{FDD276AD-CC44-4F6E-8209-B68CDEDE8E29}.Release|Any CPU.Build.0 = Release|Any CPU
		{838EC45B-0CE7-4F9E-BD38-19CCA779780F}.Debug|Any CPU.ActiveCfg = Debug|Any CPU
		{838EC45B-0CE7-4F9E-BD38-19CCA779780F}.Debug|Any CPU.Build.0 = Debug|Any CPU
		{838EC45B-0CE7-4F9E-BD38-19CCA779780F}.Release|Any CPU.ActiveCfg = Release|Any CPU
		{838EC45B-0CE7-4F9E-BD38-19CCA779780F}.Release|Any CPU.Build.0 = Release|Any CPU
		{3363F0E0-6C02-4D70-BE03-B6AA92D5D797}.Debug|Any CPU.ActiveCfg = Debug|Any CPU
		{3363F0E0-6C02-4D70-BE03-B6AA92D5D797}.Debug|Any CPU.Build.0 = Debug|Any CPU
		{3363F0E0-6C02-4D70-BE03-B6AA92D5D797}.Release|Any CPU.ActiveCfg = Release|Any CPU
		{3363F0E0-6C02-4D70-BE03-B6AA92D5D797}.Release|Any CPU.Build.0 = Release|Any CPU
		{7F33E181-3237-48B9-8579-745B69BE4D2E}.Debug|Any CPU.ActiveCfg = Debug|Any CPU
		{7F33E181-3237-48B9-8579-745B69BE4D2E}.Debug|Any CPU.Build.0 = Debug|Any CPU
		{7F33E181-3237-48B9-8579-745B69BE4D2E}.Release|Any CPU.ActiveCfg = Release|Any CPU
		{7F33E181-3237-48B9-8579-745B69BE4D2E}.Release|Any CPU.Build.0 = Release|Any CPU
		{6F60973F-91EE-4539-BD37-35F7A1EAEC3D}.Debug|Any CPU.ActiveCfg = Debug|Any CPU
		{6F60973F-91EE-4539-BD37-35F7A1EAEC3D}.Debug|Any CPU.Build.0 = Debug|Any CPU
		{6F60973F-91EE-4539-BD37-35F7A1EAEC3D}.Release|Any CPU.ActiveCfg = Release|Any CPU
		{6F60973F-91EE-4539-BD37-35F7A1EAEC3D}.Release|Any CPU.Build.0 = Release|Any CPU
		{CA5DB93E-8A32-4695-941B-6B1028CE18F0}.Debug|Any CPU.ActiveCfg = Debug|Any CPU
		{CA5DB93E-8A32-4695-941B-6B1028CE18F0}.Debug|Any CPU.Build.0 = Debug|Any CPU
		{CA5DB93E-8A32-4695-941B-6B1028CE18F0}.Release|Any CPU.ActiveCfg = Release|Any CPU
		{CA5DB93E-8A32-4695-941B-6B1028CE18F0}.Release|Any CPU.Build.0 = Release|Any CPU
		{AE10D2C5-F6E7-4AB8-8E66-EC5E0B71FF1F}.Debug|Any CPU.ActiveCfg = Debug|Any CPU
		{AE10D2C5-F6E7-4AB8-8E66-EC5E0B71FF1F}.Debug|Any CPU.Build.0 = Debug|Any CPU
		{AE10D2C5-F6E7-4AB8-8E66-EC5E0B71FF1F}.Release|Any CPU.ActiveCfg = Release|Any CPU
		{AE10D2C5-F6E7-4AB8-8E66-EC5E0B71FF1F}.Release|Any CPU.Build.0 = Release|Any CPU
		{639AF57E-3B5E-43D7-9C6F-58A4DC7F72C4}.Debug|Any CPU.ActiveCfg = Debug|Any CPU
		{639AF57E-3B5E-43D7-9C6F-58A4DC7F72C4}.Debug|Any CPU.Build.0 = Debug|Any CPU
		{639AF57E-3B5E-43D7-9C6F-58A4DC7F72C4}.Release|Any CPU.ActiveCfg = Release|Any CPU
		{639AF57E-3B5E-43D7-9C6F-58A4DC7F72C4}.Release|Any CPU.Build.0 = Release|Any CPU
		{AC28203E-9807-48F4-A977-131A80AD5853}.Debug|Any CPU.ActiveCfg = Debug|Any CPU
		{AC28203E-9807-48F4-A977-131A80AD5853}.Debug|Any CPU.Build.0 = Debug|Any CPU
		{AC28203E-9807-48F4-A977-131A80AD5853}.Release|Any CPU.ActiveCfg = Release|Any CPU
		{AC28203E-9807-48F4-A977-131A80AD5853}.Release|Any CPU.Build.0 = Release|Any CPU
		{E62482B2-D8BE-4ED1-818D-A97F1C917B65}.Debug|Any CPU.ActiveCfg = Debug|Any CPU
		{E62482B2-D8BE-4ED1-818D-A97F1C917B65}.Debug|Any CPU.Build.0 = Debug|Any CPU
		{E62482B2-D8BE-4ED1-818D-A97F1C917B65}.Release|Any CPU.ActiveCfg = Release|Any CPU
		{E62482B2-D8BE-4ED1-818D-A97F1C917B65}.Release|Any CPU.Build.0 = Release|Any CPU
		{2FE217D2-210A-4D8A-8A13-19A42397B68B}.Debug|Any CPU.ActiveCfg = Debug|Any CPU
		{2FE217D2-210A-4D8A-8A13-19A42397B68B}.Debug|Any CPU.Build.0 = Debug|Any CPU
		{2FE217D2-210A-4D8A-8A13-19A42397B68B}.Release|Any CPU.ActiveCfg = Release|Any CPU
		{2FE217D2-210A-4D8A-8A13-19A42397B68B}.Release|Any CPU.Build.0 = Release|Any CPU
		{9F70B695-B89D-411D-9C58-24E1DA267A14}.Debug|Any CPU.ActiveCfg = Debug|Any CPU
		{9F70B695-B89D-411D-9C58-24E1DA267A14}.Debug|Any CPU.Build.0 = Debug|Any CPU
		{9F70B695-B89D-411D-9C58-24E1DA267A14}.Release|Any CPU.ActiveCfg = Release|Any CPU
		{9F70B695-B89D-411D-9C58-24E1DA267A14}.Release|Any CPU.Build.0 = Release|Any CPU
		{5FE0A0EC-91EF-41D2-A926-F4BBBBFAED0B}.Debug|Any CPU.ActiveCfg = Debug|Any CPU
		{5FE0A0EC-91EF-41D2-A926-F4BBBBFAED0B}.Debug|Any CPU.Build.0 = Debug|Any CPU
		{5FE0A0EC-91EF-41D2-A926-F4BBBBFAED0B}.Release|Any CPU.ActiveCfg = Release|Any CPU
		{5FE0A0EC-91EF-41D2-A926-F4BBBBFAED0B}.Release|Any CPU.Build.0 = Release|Any CPU
		{A174DD8D-08A7-45F5-9A60-9629F7C9E799}.Debug|Any CPU.ActiveCfg = Debug|Any CPU
		{A174DD8D-08A7-45F5-9A60-9629F7C9E799}.Debug|Any CPU.Build.0 = Debug|Any CPU
		{A174DD8D-08A7-45F5-9A60-9629F7C9E799}.Release|Any CPU.ActiveCfg = Release|Any CPU
		{A174DD8D-08A7-45F5-9A60-9629F7C9E799}.Release|Any CPU.Build.0 = Release|Any CPU
		{C8EF62B4-BC82-490B-812D-3BFFABFB2324}.Debug|Any CPU.ActiveCfg = Debug|Any CPU
		{C8EF62B4-BC82-490B-812D-3BFFABFB2324}.Debug|Any CPU.Build.0 = Debug|Any CPU
		{C8EF62B4-BC82-490B-812D-3BFFABFB2324}.Release|Any CPU.ActiveCfg = Release|Any CPU
		{C8EF62B4-BC82-490B-812D-3BFFABFB2324}.Release|Any CPU.Build.0 = Release|Any CPU
		{D8AF3968-5274-47BF-A4F1-4C1B128CFA47}.Debug|Any CPU.ActiveCfg = Debug|Any CPU
		{D8AF3968-5274-47BF-A4F1-4C1B128CFA47}.Debug|Any CPU.Build.0 = Debug|Any CPU
		{D8AF3968-5274-47BF-A4F1-4C1B128CFA47}.Release|Any CPU.ActiveCfg = Release|Any CPU
		{D8AF3968-5274-47BF-A4F1-4C1B128CFA47}.Release|Any CPU.Build.0 = Release|Any CPU
		{874F8C69-7385-4232-86E0-848F800BC48E}.Debug|Any CPU.ActiveCfg = Debug|Any CPU
		{874F8C69-7385-4232-86E0-848F800BC48E}.Debug|Any CPU.Build.0 = Debug|Any CPU
		{874F8C69-7385-4232-86E0-848F800BC48E}.Release|Any CPU.ActiveCfg = Release|Any CPU
		{874F8C69-7385-4232-86E0-848F800BC48E}.Release|Any CPU.Build.0 = Release|Any CPU
		{21386C9F-97B1-48DB-9806-417879C67BBA}.Debug|Any CPU.ActiveCfg = Debug|Any CPU
		{21386C9F-97B1-48DB-9806-417879C67BBA}.Debug|Any CPU.Build.0 = Debug|Any CPU
		{21386C9F-97B1-48DB-9806-417879C67BBA}.Release|Any CPU.ActiveCfg = Release|Any CPU
		{21386C9F-97B1-48DB-9806-417879C67BBA}.Release|Any CPU.Build.0 = Release|Any CPU
		{1F7E990A-07CF-4C87-BAE7-487582553B2A}.Debug|Any CPU.ActiveCfg = Debug|Any CPU
		{1F7E990A-07CF-4C87-BAE7-487582553B2A}.Debug|Any CPU.Build.0 = Debug|Any CPU
		{1F7E990A-07CF-4C87-BAE7-487582553B2A}.Release|Any CPU.ActiveCfg = Release|Any CPU
		{1F7E990A-07CF-4C87-BAE7-487582553B2A}.Release|Any CPU.Build.0 = Release|Any CPU
		{B563843F-0435-4A96-96F1-6A3D847D2E31}.Debug|Any CPU.ActiveCfg = Debug|Any CPU
		{B563843F-0435-4A96-96F1-6A3D847D2E31}.Debug|Any CPU.Build.0 = Debug|Any CPU
		{B563843F-0435-4A96-96F1-6A3D847D2E31}.Release|Any CPU.ActiveCfg = Release|Any CPU
		{B563843F-0435-4A96-96F1-6A3D847D2E31}.Release|Any CPU.Build.0 = Release|Any CPU
		{3474B9FD-28E4-4B95-89F8-E69285705017}.Debug|Any CPU.ActiveCfg = Debug|Any CPU
		{3474B9FD-28E4-4B95-89F8-E69285705017}.Debug|Any CPU.Build.0 = Debug|Any CPU
		{3474B9FD-28E4-4B95-89F8-E69285705017}.Release|Any CPU.ActiveCfg = Release|Any CPU
		{3474B9FD-28E4-4B95-89F8-E69285705017}.Release|Any CPU.Build.0 = Release|Any CPU
		{20894297-9DBA-4F2D-96A6-A1C4B19D2D2C}.Debug|Any CPU.ActiveCfg = Debug|Any CPU
		{20894297-9DBA-4F2D-96A6-A1C4B19D2D2C}.Debug|Any CPU.Build.0 = Debug|Any CPU
		{20894297-9DBA-4F2D-96A6-A1C4B19D2D2C}.Release|Any CPU.ActiveCfg = Release|Any CPU
		{20894297-9DBA-4F2D-96A6-A1C4B19D2D2C}.Release|Any CPU.Build.0 = Release|Any CPU
		{3C71AF64-CA99-4691-BB8D-2D71F09681DE}.Debug|Any CPU.ActiveCfg = Debug|Any CPU
		{3C71AF64-CA99-4691-BB8D-2D71F09681DE}.Debug|Any CPU.Build.0 = Debug|Any CPU
		{3C71AF64-CA99-4691-BB8D-2D71F09681DE}.Release|Any CPU.ActiveCfg = Release|Any CPU
		{3C71AF64-CA99-4691-BB8D-2D71F09681DE}.Release|Any CPU.Build.0 = Release|Any CPU
		{DB2353E9-6B1F-4759-B9A4-25CDFB08A5D0}.Debug|Any CPU.ActiveCfg = Debug|Any CPU
		{DB2353E9-6B1F-4759-B9A4-25CDFB08A5D0}.Debug|Any CPU.Build.0 = Debug|Any CPU
		{DB2353E9-6B1F-4759-B9A4-25CDFB08A5D0}.Release|Any CPU.ActiveCfg = Release|Any CPU
		{DB2353E9-6B1F-4759-B9A4-25CDFB08A5D0}.Release|Any CPU.Build.0 = Release|Any CPU
		{C6E8F44D-DA86-4D24-ADE2-E41D1F92D78E}.Debug|Any CPU.ActiveCfg = Debug|Any CPU
		{C6E8F44D-DA86-4D24-ADE2-E41D1F92D78E}.Debug|Any CPU.Build.0 = Debug|Any CPU
		{C6E8F44D-DA86-4D24-ADE2-E41D1F92D78E}.Release|Any CPU.ActiveCfg = Release|Any CPU
		{C6E8F44D-DA86-4D24-ADE2-E41D1F92D78E}.Release|Any CPU.Build.0 = Release|Any CPU
		{35B0A9D4-9C2D-4427-B94F-4815EFA9951E}.Debug|Any CPU.ActiveCfg = Debug|Any CPU
		{35B0A9D4-9C2D-4427-B94F-4815EFA9951E}.Debug|Any CPU.Build.0 = Debug|Any CPU
		{35B0A9D4-9C2D-4427-B94F-4815EFA9951E}.Release|Any CPU.ActiveCfg = Release|Any CPU
		{35B0A9D4-9C2D-4427-B94F-4815EFA9951E}.Release|Any CPU.Build.0 = Release|Any CPU
		{C07D3BEC-BE37-4AAA-B835-FD2A003EB222}.Debug|Any CPU.ActiveCfg = Debug|Any CPU
		{C07D3BEC-BE37-4AAA-B835-FD2A003EB222}.Debug|Any CPU.Build.0 = Debug|Any CPU
		{C07D3BEC-BE37-4AAA-B835-FD2A003EB222}.Release|Any CPU.ActiveCfg = Release|Any CPU
		{C07D3BEC-BE37-4AAA-B835-FD2A003EB222}.Release|Any CPU.Build.0 = Release|Any CPU
		{EBAFB7C5-562F-48D0-A1E4-9F0922BA73BF}.Debug|Any CPU.ActiveCfg = Debug|Any CPU
		{EBAFB7C5-562F-48D0-A1E4-9F0922BA73BF}.Debug|Any CPU.Build.0 = Debug|Any CPU
		{EBAFB7C5-562F-48D0-A1E4-9F0922BA73BF}.Release|Any CPU.ActiveCfg = Release|Any CPU
		{EBAFB7C5-562F-48D0-A1E4-9F0922BA73BF}.Release|Any CPU.Build.0 = Release|Any CPU
		{04F10857-D84D-4758-91AF-AC49332046CA}.Debug|Any CPU.ActiveCfg = Debug|Any CPU
		{04F10857-D84D-4758-91AF-AC49332046CA}.Debug|Any CPU.Build.0 = Debug|Any CPU
		{04F10857-D84D-4758-91AF-AC49332046CA}.Release|Any CPU.ActiveCfg = Release|Any CPU
		{04F10857-D84D-4758-91AF-AC49332046CA}.Release|Any CPU.Build.0 = Release|Any CPU
		{3643F699-7B71-4C18-ACCE-D81EE10EAC0A}.Debug|Any CPU.ActiveCfg = Debug|Any CPU
		{3643F699-7B71-4C18-ACCE-D81EE10EAC0A}.Debug|Any CPU.Build.0 = Debug|Any CPU
		{3643F699-7B71-4C18-ACCE-D81EE10EAC0A}.Release|Any CPU.ActiveCfg = Release|Any CPU
		{3643F699-7B71-4C18-ACCE-D81EE10EAC0A}.Release|Any CPU.Build.0 = Release|Any CPU
		{8A8A1684-70F9-4335-BDB7-99A9E71E5F1B}.Debug|Any CPU.ActiveCfg = Debug|Any CPU
		{8A8A1684-70F9-4335-BDB7-99A9E71E5F1B}.Debug|Any CPU.Build.0 = Debug|Any CPU
		{8A8A1684-70F9-4335-BDB7-99A9E71E5F1B}.Release|Any CPU.ActiveCfg = Release|Any CPU
		{8A8A1684-70F9-4335-BDB7-99A9E71E5F1B}.Release|Any CPU.Build.0 = Release|Any CPU
		{0CC0C72F-0091-4F86-8975-3DBDEB29023F}.Debug|Any CPU.ActiveCfg = Debug|Any CPU
		{0CC0C72F-0091-4F86-8975-3DBDEB29023F}.Debug|Any CPU.Build.0 = Debug|Any CPU
		{0CC0C72F-0091-4F86-8975-3DBDEB29023F}.Release|Any CPU.ActiveCfg = Release|Any CPU
		{0CC0C72F-0091-4F86-8975-3DBDEB29023F}.Release|Any CPU.Build.0 = Release|Any CPU
		{58AAC830-7EB7-4D5E-A150-6300A062ED26}.Debug|Any CPU.ActiveCfg = Debug|Any CPU
		{58AAC830-7EB7-4D5E-A150-6300A062ED26}.Debug|Any CPU.Build.0 = Debug|Any CPU
		{58AAC830-7EB7-4D5E-A150-6300A062ED26}.Release|Any CPU.ActiveCfg = Release|Any CPU
		{58AAC830-7EB7-4D5E-A150-6300A062ED26}.Release|Any CPU.Build.0 = Release|Any CPU
		{172A13F5-408F-4EC9-8723-A7EDF83AB6F4}.Debug|Any CPU.ActiveCfg = Debug|Any CPU
		{172A13F5-408F-4EC9-8723-A7EDF83AB6F4}.Debug|Any CPU.Build.0 = Debug|Any CPU
		{172A13F5-408F-4EC9-8723-A7EDF83AB6F4}.Release|Any CPU.ActiveCfg = Release|Any CPU
		{172A13F5-408F-4EC9-8723-A7EDF83AB6F4}.Release|Any CPU.Build.0 = Release|Any CPU
		{C0709D59-AC14-4258-AA51-79B01C41FD1B}.Debug|Any CPU.ActiveCfg = Debug|Any CPU
		{C0709D59-AC14-4258-AA51-79B01C41FD1B}.Debug|Any CPU.Build.0 = Debug|Any CPU
		{C0709D59-AC14-4258-AA51-79B01C41FD1B}.Release|Any CPU.ActiveCfg = Release|Any CPU
		{C0709D59-AC14-4258-AA51-79B01C41FD1B}.Release|Any CPU.Build.0 = Release|Any CPU
		{7F8F776E-1872-4151-9AE0-D531418104A9}.Debug|Any CPU.ActiveCfg = Debug|Any CPU
		{7F8F776E-1872-4151-9AE0-D531418104A9}.Debug|Any CPU.Build.0 = Debug|Any CPU
		{7F8F776E-1872-4151-9AE0-D531418104A9}.Release|Any CPU.ActiveCfg = Release|Any CPU
		{7F8F776E-1872-4151-9AE0-D531418104A9}.Release|Any CPU.Build.0 = Release|Any CPU
		{EF9A1324-8282-492B-8417-4A9AF3710386}.Debug|Any CPU.ActiveCfg = Debug|Any CPU
		{EF9A1324-8282-492B-8417-4A9AF3710386}.Debug|Any CPU.Build.0 = Debug|Any CPU
		{EF9A1324-8282-492B-8417-4A9AF3710386}.Release|Any CPU.ActiveCfg = Release|Any CPU
		{EF9A1324-8282-492B-8417-4A9AF3710386}.Release|Any CPU.Build.0 = Release|Any CPU
		{218ADE42-CE83-4029-8144-FBD6EB2271CD}.Debug|Any CPU.ActiveCfg = Debug|Any CPU
		{218ADE42-CE83-4029-8144-FBD6EB2271CD}.Debug|Any CPU.Build.0 = Debug|Any CPU
		{218ADE42-CE83-4029-8144-FBD6EB2271CD}.Release|Any CPU.ActiveCfg = Release|Any CPU
		{218ADE42-CE83-4029-8144-FBD6EB2271CD}.Release|Any CPU.Build.0 = Release|Any CPU
		{906727A6-6158-4AEC-816C-B0B1F2C25575}.Debug|Any CPU.ActiveCfg = Debug|Any CPU
		{906727A6-6158-4AEC-816C-B0B1F2C25575}.Debug|Any CPU.Build.0 = Debug|Any CPU
		{906727A6-6158-4AEC-816C-B0B1F2C25575}.Release|Any CPU.ActiveCfg = Release|Any CPU
		{906727A6-6158-4AEC-816C-B0B1F2C25575}.Release|Any CPU.Build.0 = Release|Any CPU
		{73CC8E53-A4F9-4AD5-85A1-F04797865493}.Debug|Any CPU.ActiveCfg = Debug|Any CPU
		{73CC8E53-A4F9-4AD5-85A1-F04797865493}.Debug|Any CPU.Build.0 = Debug|Any CPU
		{73CC8E53-A4F9-4AD5-85A1-F04797865493}.Release|Any CPU.ActiveCfg = Release|Any CPU
		{73CC8E53-A4F9-4AD5-85A1-F04797865493}.Release|Any CPU.Build.0 = Release|Any CPU
		{E2B4A83D-7D0A-4D2E-AE20-D658C9AE2C68}.Debug|Any CPU.ActiveCfg = Debug|Any CPU
		{E2B4A83D-7D0A-4D2E-AE20-D658C9AE2C68}.Debug|Any CPU.Build.0 = Debug|Any CPU
		{E2B4A83D-7D0A-4D2E-AE20-D658C9AE2C68}.Release|Any CPU.ActiveCfg = Release|Any CPU
		{E2B4A83D-7D0A-4D2E-AE20-D658C9AE2C68}.Release|Any CPU.Build.0 = Release|Any CPU
		{C30D13D1-3E95-4E13-9065-7E46861A5F1D}.Debug|Any CPU.ActiveCfg = Debug|Any CPU
		{C30D13D1-3E95-4E13-9065-7E46861A5F1D}.Debug|Any CPU.Build.0 = Debug|Any CPU
		{C30D13D1-3E95-4E13-9065-7E46861A5F1D}.Release|Any CPU.ActiveCfg = Release|Any CPU
		{C30D13D1-3E95-4E13-9065-7E46861A5F1D}.Release|Any CPU.Build.0 = Release|Any CPU
		{53CFC249-ADF9-49D9-80FE-DA9526B9E15F}.Debug|Any CPU.ActiveCfg = Debug|Any CPU
		{53CFC249-ADF9-49D9-80FE-DA9526B9E15F}.Debug|Any CPU.Build.0 = Debug|Any CPU
		{53CFC249-ADF9-49D9-80FE-DA9526B9E15F}.Release|Any CPU.ActiveCfg = Release|Any CPU
		{53CFC249-ADF9-49D9-80FE-DA9526B9E15F}.Release|Any CPU.Build.0 = Release|Any CPU
		{5169A327-309B-4B6B-993F-91E6232B097D}.Debug|Any CPU.ActiveCfg = Debug|Any CPU
		{5169A327-309B-4B6B-993F-91E6232B097D}.Debug|Any CPU.Build.0 = Debug|Any CPU
		{5169A327-309B-4B6B-993F-91E6232B097D}.Release|Any CPU.ActiveCfg = Release|Any CPU
		{5169A327-309B-4B6B-993F-91E6232B097D}.Release|Any CPU.Build.0 = Release|Any CPU
		{74AE5703-EE63-4C2D-BB50-22A797FB85D2}.Debug|Any CPU.ActiveCfg = Debug|Any CPU
		{74AE5703-EE63-4C2D-BB50-22A797FB85D2}.Debug|Any CPU.Build.0 = Debug|Any CPU
		{74AE5703-EE63-4C2D-BB50-22A797FB85D2}.Release|Any CPU.ActiveCfg = Release|Any CPU
		{74AE5703-EE63-4C2D-BB50-22A797FB85D2}.Release|Any CPU.Build.0 = Release|Any CPU
		{9373BC2D-2CC8-4077-AB05-468831779F1B}.Debug|Any CPU.ActiveCfg = Debug|Any CPU
		{9373BC2D-2CC8-4077-AB05-468831779F1B}.Debug|Any CPU.Build.0 = Debug|Any CPU
		{9373BC2D-2CC8-4077-AB05-468831779F1B}.Release|Any CPU.ActiveCfg = Release|Any CPU
		{9373BC2D-2CC8-4077-AB05-468831779F1B}.Release|Any CPU.Build.0 = Release|Any CPU
	EndGlobalSection
	GlobalSection(SolutionProperties) = preSolution
		HideSolutionNode = FALSE
	EndGlobalSection
	GlobalSection(ExtensibilityGlobals) = postSolution
		SolutionGuid = {F6969C9D-D7EC-41D1-AEFB-5BD6E84A6FE6}
	EndGlobalSection
EndGlobal
